{
  "name": "@ttiimmaahh/pi-setup",
  "version": "0.1.0",
  "lockfileVersion": 3,
  "requires": true,
  "packages": {
    "": {
      "name": "@ttiimmaahh/pi-setup",
      "version": "0.1.0",
      "license": "MIT",
      "bin": {
        "pi-setup": "bin/pi-setup.js"
      },
      "engines": {
        "node": ">=18"
      }
    }
  }
}
